
Microsoft Visual Studio Solution File, Format Version 12.00
# Visual Studio 15
VisualStudioVersion = 15.0.26730.15
MinimumVisualStudioVersion = 10.0.40219.1
Project("{FAE04EC0-301F-11D3-BF4B-00C04F79EFBC}") = "RemoteDesktop.Core", "RemoteDesktop.Core\RemoteDesktop.Core.csproj", "{B53E8545-94CA-466B-98D4-D6B46422F2F2}"
EndProject
Project("{FAE04EC0-301F-11D3-BF4B-00C04F79EFBC}") = "RemoteDesktop.Client", "RemoteDesktop.Client\RemoteDesktop.Client.csproj", "{D13130D1-0C98-43F6-8221-23F607D618E2}"
EndProject
Project("{FAE04EC0-301F-11D3-BF4B-00C04F79EFBC}") = "RemoteDesktop.Server", "RemoteDesktop.Server\RemoteDesktop.Server.csproj", "{CCD86430-E6F8-4B8C-81CC-C2376EEF0C6D}"
EndProject
Project("{FAE04EC0-301F-11D3-BF4B-00C04F79EFBC}") = "WindowsInput", "inputsimulator\WindowsInput\WindowsInput.csproj", "{3549CD6F-80F8-450F-B99E-CF0A736B1F2A}"
EndProject
Project("{FAE04EC0-301F-11D3-BF4B-00C04F79EFBC}") = "NAudioDemo", "NAudio1\NAudioDemo\NAudioDemo.csproj", "{B05BAB66-7CAD-4AB3-849F-FFFEF9618E79}"
EndProject
Project("{FAE04EC0-301F-11D3-BF4B-00C04F79EFBC}") = "AreaSelecting", "AreaSelecting\AreaSelecting.csproj", "{D293F8BD-475A-48C0-A473-76B4D8F24AF3}"
EndProject
Project("{FAE04EC0-301F-11D3-BF4B-00C04F79EFBC}") = "RemoteDesktop.Client.Android.Android", "RemoteDesktop.Client.Android\RemoteDesktop.Client.Android.Android\RemoteDesktop.Client.Android.Android.csproj", "{9C59F9EE-7185-4808-A17E-15D031A18F41}"
EndProject
Project("{9A19103F-16F7-4668-BE54-9A1E7A4F7556}") = "RemoteDesktop.Client.Android", "RemoteDesktop.Client.Android\RemoteDesktop.Client.Android\RemoteDesktop.Client.Android.csproj", "{B360C410-0E31-464F-885D-902EC2A63EDF}"
EndProject
Project("{9A19103F-16F7-4668-BE54-9A1E7A4F7556}") = "RemoteDesktop.Android.Core", "RemoteDesktop.Android.Core\RemoteDesktop.Android.Core.csproj", "{4ECBDB10-8923-46EB-B3A9-33016DDFB774}"
EndProject
Project("{FAE04EC0-301F-11D3-BF4B-00C04F79EFBC}") = "RemoteDesktop.Server.XamaOk", "RemoteDesktop.Server.XamaOk\RemoteDesktop.Server.XamaOk.csproj", "{BC83DC80-4F71-4222-89E8-F8E7CF1F95B0}"
EndProject
Project("{FAE04EC0-301F-11D3-BF4B-00C04F79EFBC}") = "RemoteDesktop.Client.Windows", "RemoteDesktop.Client.Windows\RemoteDesktop.Client.Windows.csproj", "{795497AA-AC4E-438D-A4DE-1BA416B03AC2}"
EndProject
Project("{FAE04EC0-301F-11D3-BF4B-00C04F79EFBC}") = "WavPlayer", "WavPlayer\WavPlayer.csproj", "{A529ECB4-E537-49B1-BC71-A940CA2491A9}"
EndProject
Project("{FAE04EC0-301F-11D3-BF4B-00C04F79EFBC}") = "MulticastStreamer", "SoundRTPMulticasting\MulticastStreamer\MulticastStreamer\MulticastStreamer.csproj", "{7312C058-28BE-4ECD-9916-B5E31D34885B}"
EndProject
Project("{FAE04EC0-301F-11D3-BF4B-00C04F79EFBC}") = "MulticastSender", "SoundRTPMulticasting\MulticastSender\MulticastSender\MulticastSender.csproj", "{B6D3F5CD-388E-42AD-80EA-34B1010133F5}"
EndProject
Project("{FAE04EC0-301F-11D3-BF4B-00C04F79EFBC}") = "TCPClient", "SoundRTPMulticasting\TCPClient\TCPClient\TCPClient.csproj", "{03C005A4-61AC-40DE-A95E-79335D9E39BA}"
EndProject
Project("{FAE04EC0-301F-11D3-BF4B-00C04F79EFBC}") = "WinSound", "SoundRTPMulticasting\WinSound\WinSound\WinSound.csproj", "{28120D29-4F6E-4C3B-AB6A-900A26420B9C}"
EndProject
Project("{FAE04EC0-301F-11D3-BF4B-00C04F79EFBC}") = "MulticastPlayer", "SoundRTPMulticasting\MulticastPlayer\MulticastPlayer\MulticastPlayer.csproj", "{4866BD3E-E9B4-4546-8DDF-8AEBF39AFD77}"
EndProject
Project("{FAE04EC0-301F-11D3-BF4B-00C04F79EFBC}") = "MulticastReceiver", "SoundRTPMulticasting\MulticastReceiver\MulticastReceiver\MulticastReceiver.csproj", "{9FAA6285-1815-441F-AFB5-E2B31199002F}"
EndProject
Project("{FAE04EC0-301F-11D3-BF4B-00C04F79EFBC}") = "PlayerTester", "SoundRTPMulticasting\PlayerTester\PlayerTester.csproj", "{15E2983B-B4A9-4FAF-A2AC-5F84C379FDFF}"
EndProject
Project("{FAE04EC0-301F-11D3-BF4B-00C04F79EFBC}") = "RepeaterTester", "SoundRTPMulticasting\RepeaterTester\RepeaterTester.csproj", "{94F7CAD0-8D42-4177-9126-785BD95516C6}"
EndProject
Project("{FAE04EC0-301F-11D3-BF4B-00C04F79EFBC}") = "TCPServer", "SoundRTPMulticasting\TCPServer\TCPServer\TCPServer.csproj", "{56F75391-6AF2-4418-8B8C-C8971D641695}"
EndProject
Project("{FAE04EC0-301F-11D3-BF4B-00C04F79EFBC}") = "MulticastStreamerXama", "SoundRTPMulticasting\MulticastStreamerXama\MulticastStreamerXama\MulticastStreamerXama.csproj", "{C46CB47E-7DC2-4BA0-B15A-009618628CA2}"
EndProject
Global
	GlobalSection(SolutionConfigurationPlatforms) = preSolution
		Debug|Any CPU = Debug|Any CPU
		Debug|x86 = Debug|x86
		Release|Any CPU = Release|Any CPU
		Release|x86 = Release|x86
	EndGlobalSection
	GlobalSection(ProjectConfigurationPlatforms) = postSolution
		{B53E8545-94CA-466B-98D4-D6B46422F2F2}.Debug|Any CPU.ActiveCfg = Debug|Any CPU
		{B53E8545-94CA-466B-98D4-D6B46422F2F2}.Debug|Any CPU.Build.0 = Debug|Any CPU
		{B53E8545-94CA-466B-98D4-D6B46422F2F2}.Debug|x86.ActiveCfg = Debug|Any CPU
		{B53E8545-94CA-466B-98D4-D6B46422F2F2}.Debug|x86.Build.0 = Debug|Any CPU
		{B53E8545-94CA-466B-98D4-D6B46422F2F2}.Release|Any CPU.ActiveCfg = Release|Any CPU
		{B53E8545-94CA-466B-98D4-D6B46422F2F2}.Release|Any CPU.Build.0 = Release|Any CPU
		{B53E8545-94CA-466B-98D4-D6B46422F2F2}.Release|x86.ActiveCfg = Release|Any CPU
		{B53E8545-94CA-466B-98D4-D6B46422F2F2}.Release|x86.Build.0 = Release|Any CPU
		{D13130D1-0C98-43F6-8221-23F607D618E2}.Debug|Any CPU.ActiveCfg = Debug|Any CPU
		{D13130D1-0C98-43F6-8221-23F607D618E2}.Debug|Any CPU.Build.0 = Debug|Any CPU
		{D13130D1-0C98-43F6-8221-23F607D618E2}.Debug|x86.ActiveCfg = Debug|Any CPU
		{D13130D1-0C98-43F6-8221-23F607D618E2}.Debug|x86.Build.0 = Debug|Any CPU
		{D13130D1-0C98-43F6-8221-23F607D618E2}.Release|Any CPU.ActiveCfg = Release|Any CPU
		{D13130D1-0C98-43F6-8221-23F607D618E2}.Release|Any CPU.Build.0 = Release|Any CPU
		{D13130D1-0C98-43F6-8221-23F607D618E2}.Release|x86.ActiveCfg = Release|Any CPU
		{D13130D1-0C98-43F6-8221-23F607D618E2}.Release|x86.Build.0 = Release|Any CPU
		{CCD86430-E6F8-4B8C-81CC-C2376EEF0C6D}.Debug|Any CPU.ActiveCfg = Debug|Any CPU
		{CCD86430-E6F8-4B8C-81CC-C2376EEF0C6D}.Debug|Any CPU.Build.0 = Debug|Any CPU
		{CCD86430-E6F8-4B8C-81CC-C2376EEF0C6D}.Debug|x86.ActiveCfg = Debug|Any CPU
		{CCD86430-E6F8-4B8C-81CC-C2376EEF0C6D}.Debug|x86.Build.0 = Debug|Any CPU
		{CCD86430-E6F8-4B8C-81CC-C2376EEF0C6D}.Release|Any CPU.ActiveCfg = Release|Any CPU
		{CCD86430-E6F8-4B8C-81CC-C2376EEF0C6D}.Release|Any CPU.Build.0 = Release|Any CPU
		{CCD86430-E6F8-4B8C-81CC-C2376EEF0C6D}.Release|x86.ActiveCfg = Release|Any CPU
		{CCD86430-E6F8-4B8C-81CC-C2376EEF0C6D}.Release|x86.Build.0 = Release|Any CPU
		{3549CD6F-80F8-450F-B99E-CF0A736B1F2A}.Debug|Any CPU.ActiveCfg = Debug|Any CPU
		{3549CD6F-80F8-450F-B99E-CF0A736B1F2A}.Debug|Any CPU.Build.0 = Debug|Any CPU
		{3549CD6F-80F8-450F-B99E-CF0A736B1F2A}.Debug|x86.ActiveCfg = Debug|Any CPU
		{3549CD6F-80F8-450F-B99E-CF0A736B1F2A}.Debug|x86.Build.0 = Debug|Any CPU
		{3549CD6F-80F8-450F-B99E-CF0A736B1F2A}.Release|Any CPU.ActiveCfg = Release|Any CPU
		{3549CD6F-80F8-450F-B99E-CF0A736B1F2A}.Release|Any CPU.Build.0 = Release|Any CPU
		{3549CD6F-80F8-450F-B99E-CF0A736B1F2A}.Release|x86.ActiveCfg = Release|Any CPU
		{3549CD6F-80F8-450F-B99E-CF0A736B1F2A}.Release|x86.Build.0 = Release|Any CPU
		{B05BAB66-7CAD-4AB3-849F-FFFEF9618E79}.Debug|Any CPU.ActiveCfg = Debug|Any CPU
		{B05BAB66-7CAD-4AB3-849F-FFFEF9618E79}.Debug|Any CPU.Build.0 = Debug|Any CPU
		{B05BAB66-7CAD-4AB3-849F-FFFEF9618E79}.Debug|x86.ActiveCfg = Debug|Any CPU
		{B05BAB66-7CAD-4AB3-849F-FFFEF9618E79}.Debug|x86.Build.0 = Debug|Any CPU
		{B05BAB66-7CAD-4AB3-849F-FFFEF9618E79}.Release|Any CPU.ActiveCfg = Release|Any CPU
		{B05BAB66-7CAD-4AB3-849F-FFFEF9618E79}.Release|Any CPU.Build.0 = Release|Any CPU
		{B05BAB66-7CAD-4AB3-849F-FFFEF9618E79}.Release|x86.ActiveCfg = Release|Any CPU
		{B05BAB66-7CAD-4AB3-849F-FFFEF9618E79}.Release|x86.Build.0 = Release|Any CPU
		{D293F8BD-475A-48C0-A473-76B4D8F24AF3}.Debug|Any CPU.ActiveCfg = Debug|Any CPU
		{D293F8BD-475A-48C0-A473-76B4D8F24AF3}.Debug|Any CPU.Build.0 = Debug|Any CPU
		{D293F8BD-475A-48C0-A473-76B4D8F24AF3}.Debug|x86.ActiveCfg = Debug|Any CPU
		{D293F8BD-475A-48C0-A473-76B4D8F24AF3}.Debug|x86.Build.0 = Debug|Any CPU
		{D293F8BD-475A-48C0-A473-76B4D8F24AF3}.Release|Any CPU.ActiveCfg = Release|Any CPU
		{D293F8BD-475A-48C0-A473-76B4D8F24AF3}.Release|Any CPU.Build.0 = Release|Any CPU
		{D293F8BD-475A-48C0-A473-76B4D8F24AF3}.Release|x86.ActiveCfg = Release|Any CPU
		{D293F8BD-475A-48C0-A473-76B4D8F24AF3}.Release|x86.Build.0 = Release|Any CPU
		{9C59F9EE-7185-4808-A17E-15D031A18F41}.Debug|Any CPU.ActiveCfg = Debug|Any CPU
		{9C59F9EE-7185-4808-A17E-15D031A18F41}.Debug|Any CPU.Build.0 = Debug|Any CPU
		{9C59F9EE-7185-4808-A17E-15D031A18F41}.Debug|Any CPU.Deploy.0 = Debug|Any CPU
		{9C59F9EE-7185-4808-A17E-15D031A18F41}.Debug|x86.ActiveCfg = Debug|x86
		{9C59F9EE-7185-4808-A17E-15D031A18F41}.Debug|x86.Build.0 = Debug|x86
		{9C59F9EE-7185-4808-A17E-15D031A18F41}.Debug|x86.Deploy.0 = Debug|x86
		{9C59F9EE-7185-4808-A17E-15D031A18F41}.Release|Any CPU.ActiveCfg = Release|Any CPU
		{9C59F9EE-7185-4808-A17E-15D031A18F41}.Release|Any CPU.Build.0 = Release|Any CPU
		{9C59F9EE-7185-4808-A17E-15D031A18F41}.Release|Any CPU.Deploy.0 = Release|Any CPU
		{9C59F9EE-7185-4808-A17E-15D031A18F41}.Release|x86.ActiveCfg = Release|x86
		{9C59F9EE-7185-4808-A17E-15D031A18F41}.Release|x86.Build.0 = Release|x86
		{9C59F9EE-7185-4808-A17E-15D031A18F41}.Release|x86.Deploy.0 = Release|x86
		{B360C410-0E31-464F-885D-902EC2A63EDF}.Debug|Any CPU.ActiveCfg = Debug|x86
		{B360C410-0E31-464F-885D-902EC2A63EDF}.Debug|Any CPU.Build.0 = Debug|x86
		{B360C410-0E31-464F-885D-902EC2A63EDF}.Debug|x86.ActiveCfg = Debug|x86
		{B360C410-0E31-464F-885D-902EC2A63EDF}.Debug|x86.Build.0 = Debug|x86
		{B360C410-0E31-464F-885D-902EC2A63EDF}.Release|Any CPU.ActiveCfg = Release|Any CPU
		{B360C410-0E31-464F-885D-902EC2A63EDF}.Release|Any CPU.Build.0 = Release|Any CPU
		{B360C410-0E31-464F-885D-902EC2A63EDF}.Release|x86.ActiveCfg = Release|x86
		{B360C410-0E31-464F-885D-902EC2A63EDF}.Release|x86.Build.0 = Release|x86
		{4ECBDB10-8923-46EB-B3A9-33016DDFB774}.Debug|Any CPU.ActiveCfg = Debug|Any CPU
		{4ECBDB10-8923-46EB-B3A9-33016DDFB774}.Debug|Any CPU.Build.0 = Debug|Any CPU
		{4ECBDB10-8923-46EB-B3A9-33016DDFB774}.Debug|x86.ActiveCfg = Debug|x86
		{4ECBDB10-8923-46EB-B3A9-33016DDFB774}.Debug|x86.Build.0 = Debug|x86
		{4ECBDB10-8923-46EB-B3A9-33016DDFB774}.Release|Any CPU.ActiveCfg = Release|Any CPU
		{4ECBDB10-8923-46EB-B3A9-33016DDFB774}.Release|Any CPU.Build.0 = Release|Any CPU
		{4ECBDB10-8923-46EB-B3A9-33016DDFB774}.Release|x86.ActiveCfg = Release|x86
		{4ECBDB10-8923-46EB-B3A9-33016DDFB774}.Release|x86.Build.0 = Release|x86
		{BC83DC80-4F71-4222-89E8-F8E7CF1F95B0}.Debug|Any CPU.ActiveCfg = Debug|Any CPU
		{BC83DC80-4F71-4222-89E8-F8E7CF1F95B0}.Debug|Any CPU.Build.0 = Debug|Any CPU
		{BC83DC80-4F71-4222-89E8-F8E7CF1F95B0}.Debug|x86.ActiveCfg = Debug|x86
		{BC83DC80-4F71-4222-89E8-F8E7CF1F95B0}.Debug|x86.Build.0 = Debug|x86
		{BC83DC80-4F71-4222-89E8-F8E7CF1F95B0}.Release|Any CPU.ActiveCfg = Release|Any CPU
		{BC83DC80-4F71-4222-89E8-F8E7CF1F95B0}.Release|Any CPU.Build.0 = Release|Any CPU
		{BC83DC80-4F71-4222-89E8-F8E7CF1F95B0}.Release|x86.ActiveCfg = Release|x86
		{BC83DC80-4F71-4222-89E8-F8E7CF1F95B0}.Release|x86.Build.0 = Release|x86
		{795497AA-AC4E-438D-A4DE-1BA416B03AC2}.Debug|Any CPU.ActiveCfg = Debug|x86
		{795497AA-AC4E-438D-A4DE-1BA416B03AC2}.Debug|Any CPU.Build.0 = Debug|x86
		{795497AA-AC4E-438D-A4DE-1BA416B03AC2}.Debug|x86.ActiveCfg = Debug|x86
		{795497AA-AC4E-438D-A4DE-1BA416B03AC2}.Debug|x86.Build.0 = Debug|x86
		{795497AA-AC4E-438D-A4DE-1BA416B03AC2}.Release|Any CPU.ActiveCfg = Release|Any CPU
		{795497AA-AC4E-438D-A4DE-1BA416B03AC2}.Release|Any CPU.Build.0 = Release|Any CPU
		{795497AA-AC4E-438D-A4DE-1BA416B03AC2}.Release|x86.ActiveCfg = Release|x86
		{795497AA-AC4E-438D-A4DE-1BA416B03AC2}.Release|x86.Build.0 = Release|x86
		{A529ECB4-E537-49B1-BC71-A940CA2491A9}.Debug|Any CPU.ActiveCfg = Debug|Any CPU
		{A529ECB4-E537-49B1-BC71-A940CA2491A9}.Debug|Any CPU.Build.0 = Debug|Any CPU
		{A529ECB4-E537-49B1-BC71-A940CA2491A9}.Debug|x86.ActiveCfg = Debug|Any CPU
		{A529ECB4-E537-49B1-BC71-A940CA2491A9}.Debug|x86.Build.0 = Debug|Any CPU
		{A529ECB4-E537-49B1-BC71-A940CA2491A9}.Release|Any CPU.ActiveCfg = Release|Any CPU
		{A529ECB4-E537-49B1-BC71-A940CA2491A9}.Release|Any CPU.Build.0 = Release|Any CPU
		{A529ECB4-E537-49B1-BC71-A940CA2491A9}.Release|x86.ActiveCfg = Release|Any CPU
		{A529ECB4-E537-49B1-BC71-A940CA2491A9}.Release|x86.Build.0 = Release|Any CPU
		{7312C058-28BE-4ECD-9916-B5E31D34885B}.Debug|Any CPU.ActiveCfg = Debug|x86
		{7312C058-28BE-4ECD-9916-B5E31D34885B}.Debug|x86.ActiveCfg = Debug|x86
		{7312C058-28BE-4ECD-9916-B5E31D34885B}.Debug|x86.Build.0 = Debug|x86
		{7312C058-28BE-4ECD-9916-B5E31D34885B}.Release|Any CPU.ActiveCfg = Release|x86
		{7312C058-28BE-4ECD-9916-B5E31D34885B}.Release|x86.ActiveCfg = Release|x86
		{7312C058-28BE-4ECD-9916-B5E31D34885B}.Release|x86.Build.0 = Release|x86
		{B6D3F5CD-388E-42AD-80EA-34B1010133F5}.Debug|Any CPU.ActiveCfg = Debug|Any CPU
		{B6D3F5CD-388E-42AD-80EA-34B1010133F5}.Debug|Any CPU.Build.0 = Debug|Any CPU
		{B6D3F5CD-388E-42AD-80EA-34B1010133F5}.Debug|x86.ActiveCfg = Debug|Any CPU
		{B6D3F5CD-388E-42AD-80EA-34B1010133F5}.Debug|x86.Build.0 = Debug|Any CPU
		{B6D3F5CD-388E-42AD-80EA-34B1010133F5}.Release|Any CPU.ActiveCfg = Release|Any CPU
		{B6D3F5CD-388E-42AD-80EA-34B1010133F5}.Release|Any CPU.Build.0 = Release|Any CPU
		{B6D3F5CD-388E-42AD-80EA-34B1010133F5}.Release|x86.ActiveCfg = Release|Any CPU
		{B6D3F5CD-388E-42AD-80EA-34B1010133F5}.Release|x86.Build.0 = Release|Any CPU
		{03C005A4-61AC-40DE-A95E-79335D9E39BA}.Debug|Any CPU.ActiveCfg = Debug|Any CPU
		{03C005A4-61AC-40DE-A95E-79335D9E39BA}.Debug|Any CPU.Build.0 = Debug|Any CPU
		{03C005A4-61AC-40DE-A95E-79335D9E39BA}.Debug|x86.ActiveCfg = Debug|Any CPU
		{03C005A4-61AC-40DE-A95E-79335D9E39BA}.Debug|x86.Build.0 = Debug|Any CPU
		{03C005A4-61AC-40DE-A95E-79335D9E39BA}.Release|Any CPU.ActiveCfg = Release|Any CPU
		{03C005A4-61AC-40DE-A95E-79335D9E39BA}.Release|Any CPU.Build.0 = Release|Any CPU
		{03C005A4-61AC-40DE-A95E-79335D9E39BA}.Release|x86.ActiveCfg = Release|Any CPU
		{03C005A4-61AC-40DE-A95E-79335D9E39BA}.Release|x86.Build.0 = Release|Any CPU
		{28120D29-4F6E-4C3B-AB6A-900A26420B9C}.Debug|Any CPU.ActiveCfg = Debug|Any CPU
		{28120D29-4F6E-4C3B-AB6A-900A26420B9C}.Debug|Any CPU.Build.0 = Debug|Any CPU
		{28120D29-4F6E-4C3B-AB6A-900A26420B9C}.Debug|x86.ActiveCfg = Debug|Any CPU
		{28120D29-4F6E-4C3B-AB6A-900A26420B9C}.Debug|x86.Build.0 = Debug|Any CPU
		{28120D29-4F6E-4C3B-AB6A-900A26420B9C}.Release|Any CPU.ActiveCfg = Release|Any CPU
		{28120D29-4F6E-4C3B-AB6A-900A26420B9C}.Release|Any CPU.Build.0 = Release|Any CPU
		{28120D29-4F6E-4C3B-AB6A-900A26420B9C}.Release|x86.ActiveCfg = Release|Any CPU
		{28120D29-4F6E-4C3B-AB6A-900A26420B9C}.Release|x86.Build.0 = Release|Any CPU
		{4866BD3E-E9B4-4546-8DDF-8AEBF39AFD77}.Debug|Any CPU.ActiveCfg = Debug|x86
		{4866BD3E-E9B4-4546-8DDF-8AEBF39AFD77}.Debug|x86.ActiveCfg = Debug|x86
		{4866BD3E-E9B4-4546-8DDF-8AEBF39AFD77}.Debug|x86.Build.0 = Debug|x86
		{4866BD3E-E9B4-4546-8DDF-8AEBF39AFD77}.Release|Any CPU.ActiveCfg = Release|x86
		{4866BD3E-E9B4-4546-8DDF-8AEBF39AFD77}.Release|x86.ActiveCfg = Release|x86
		{4866BD3E-E9B4-4546-8DDF-8AEBF39AFD77}.Release|x86.Build.0 = Release|x86
		{9FAA6285-1815-441F-AFB5-E2B31199002F}.Debug|Any CPU.ActiveCfg = Debug|Any CPU
		{9FAA6285-1815-441F-AFB5-E2B31199002F}.Debug|Any CPU.Build.0 = Debug|Any CPU
		{9FAA6285-1815-441F-AFB5-E2B31199002F}.Debug|x86.ActiveCfg = Debug|Any CPU
		{9FAA6285-1815-441F-AFB5-E2B31199002F}.Debug|x86.Build.0 = Debug|Any CPU
		{9FAA6285-1815-441F-AFB5-E2B31199002F}.Release|Any CPU.ActiveCfg = Release|Any CPU
		{9FAA6285-1815-441F-AFB5-E2B31199002F}.Release|Any CPU.Build.0 = Release|Any CPU
		{9FAA6285-1815-441F-AFB5-E2B31199002F}.Release|x86.ActiveCfg = Release|Any CPU
		{9FAA6285-1815-441F-AFB5-E2B31199002F}.Release|x86.Build.0 = Release|Any CPU
		{15E2983B-B4A9-4FAF-A2AC-5F84C379FDFF}.Debug|Any CPU.ActiveCfg = Debug|x86
		{15E2983B-B4A9-4FAF-A2AC-5F84C379FDFF}.Debug|x86.ActiveCfg = Debug|x86
		{15E2983B-B4A9-4FAF-A2AC-5F84C379FDFF}.Debug|x86.Build.0 = Debug|x86
		{15E2983B-B4A9-4FAF-A2AC-5F84C379FDFF}.Release|Any CPU.ActiveCfg = Release|x86
		{15E2983B-B4A9-4FAF-A2AC-5F84C379FDFF}.Release|x86.ActiveCfg = Release|x86
		{15E2983B-B4A9-4FAF-A2AC-5F84C379FDFF}.Release|x86.Build.0 = Release|x86
		{94F7CAD0-8D42-4177-9126-785BD95516C6}.Debug|Any CPU.ActiveCfg = Debug|x86
		{94F7CAD0-8D42-4177-9126-785BD95516C6}.Debug|x86.ActiveCfg = Debug|x86
		{94F7CAD0-8D42-4177-9126-785BD95516C6}.Debug|x86.Build.0 = Debug|x86
		{94F7CAD0-8D42-4177-9126-785BD95516C6}.Release|Any CPU.ActiveCfg = Release|x86
		{94F7CAD0-8D42-4177-9126-785BD95516C6}.Release|x86.ActiveCfg = Release|x86
		{94F7CAD0-8D42-4177-9126-785BD95516C6}.Release|x86.Build.0 = Release|x86
		{56F75391-6AF2-4418-8B8C-C8971D641695}.Debug|Any CPU.ActiveCfg = Debug|Any CPU
		{56F75391-6AF2-4418-8B8C-C8971D641695}.Debug|Any CPU.Build.0 = Debug|Any CPU
		{56F75391-6AF2-4418-8B8C-C8971D641695}.Debug|x86.ActiveCfg = Debug|Any CPU
		{56F75391-6AF2-4418-8B8C-C8971D641695}.Debug|x86.Build.0 = Debug|Any CPU
		{56F75391-6AF2-4418-8B8C-C8971D641695}.Release|Any CPU.ActiveCfg = Release|Any CPU
		{56F75391-6AF2-4418-8B8C-C8971D641695}.Release|Any CPU.Build.0 = Release|Any CPU
		{56F75391-6AF2-4418-8B8C-C8971D641695}.Release|x86.ActiveCfg = Release|Any CPU
		{56F75391-6AF2-4418-8B8C-C8971D641695}.Release|x86.Build.0 = Release|Any CPU
		{C46CB47E-7DC2-4BA0-B15A-009618628CA2}.Debug|Any CPU.ActiveCfg = Debug|x86
		{C46CB47E-7DC2-4BA0-B15A-009618628CA2}.Debug|x86.ActiveCfg = Debug|x86
		{C46CB47E-7DC2-4BA0-B15A-009618628CA2}.Debug|x86.Build.0 = Debug|x86
		{C46CB47E-7DC2-4BA0-B15A-009618628CA2}.Release|Any CPU.ActiveCfg = Release|x86
		{C46CB47E-7DC2-4BA0-B15A-009618628CA2}.Release|x86.ActiveCfg = Release|x86
		{C46CB47E-7DC2-4BA0-B15A-009618628CA2}.Release|x86.Build.0 = Release|x86
	EndGlobalSection
	GlobalSection(SolutionProperties) = preSolution
		HideSolutionNode = FALSE
	EndGlobalSection
	GlobalSection(ExtensibilityGlobals) = postSolution
		SolutionGuid = {83C1738E-2C11-4CDF-8A3A-944D3AC6C600}
	EndGlobalSection
EndGlobal
