
Microsoft Visual Studio Solution File, Format Version 12.00
# Visual Studio 15
VisualStudioVersion = 15.0.26730.15
MinimumVisualStudioVersion = 10.0.40219.1
Project("{FAE04EC0-301F-11D3-BF4B-00C04F79EFBC}") = "RemoteDesktop.Core", "RemoteDesktop.Core\RemoteDesktop.Core.csproj", "{B53E8545-94CA-466B-98D4-D6B46422F2F2}"
EndProject
Project("{FAE04EC0-301F-11D3-BF4B-00C04F79EFBC}") = "RemoteDesktop.Client", "RemoteDesktop.Client\RemoteDesktop.Client.csproj", "{D13130D1-0C98-43F6-8221-23F607D618E2}"
EndProject
Project("{FAE04EC0-301F-11D3-BF4B-00C04F79EFBC}") = "RemoteDesktop.Server", "RemoteDesktop.Server\RemoteDesktop.Server.csproj", "{CCD86430-E6F8-4B8C-81CC-C2376EEF0C6D}"
EndProject
Project("{FAE04EC0-301F-11D3-BF4B-00C04F79EFBC}") = "WindowsInput", "inputsimulator\WindowsInput\WindowsInput.csproj", "{3549CD6F-80F8-450F-B99E-CF0A736B1F2A}"
EndProject
Project("{FAE04EC0-301F-11D3-BF4B-00C04F79EFBC}") = "NAudioDemo", "NAudio1\NAudioDemo\NAudioDemo.csproj", "{B05BAB66-7CAD-4AB3-849F-FFFEF9618E79}"
EndProject
Project("{FAE04EC0-301F-11D3-BF4B-00C04F79EFBC}") = "AreaSelecting", "AreaSelecting\AreaSelecting.csproj", "{D293F8BD-475A-48C0-A473-76B4D8F24AF3}"
EndProject
Project("{FAE04EC0-301F-11D3-BF4B-00C04F79EFBC}") = "RemoteDesktop.Client.Android.Android", "RemoteDesktop.Client.Android\RemoteDesktop.Client.Android.Android\RemoteDesktop.Client.Android.Android.csproj", "{9C59F9EE-7185-4808-A17E-15D031A18F41}"
EndProject
Project("{9A19103F-16F7-4668-BE54-9A1E7A4F7556}") = "RemoteDesktop.Client.Android", "RemoteDesktop.Client.Android\RemoteDesktop.Client.Android\RemoteDesktop.Client.Android.csproj", "{B360C410-0E31-464F-885D-902EC2A63EDF}"
EndProject
Project("{9A19103F-16F7-4668-BE54-9A1E7A4F7556}") = "RemoteDesktop.Android.Core", "RemoteDesktop.Android.Core\RemoteDesktop.Android.Core.csproj", "{4ECBDB10-8923-46EB-B3A9-33016DDFB774}"
EndProject
Project("{FAE04EC0-301F-11D3-BF4B-00C04F79EFBC}") = "RemoteDesktop.Server.XamaOk", "RemoteDesktop.Server.XamaOk\RemoteDesktop.Server.XamaOk.csproj", "{BC83DC80-4F71-4222-89E8-F8E7CF1F95B0}"
EndProject
Project("{FAE04EC0-301F-11D3-BF4B-00C04F79EFBC}") = "RemoteDesktop.Client.Windows", "RemoteDesktop.Client.Windows\RemoteDesktop.Client.Windows.csproj", "{795497AA-AC4E-438D-A4DE-1BA416B03AC2}"
EndProject
Global
	GlobalSection(SolutionConfigurationPlatforms) = preSolution
		Debug|Any CPU = Debug|Any CPU
		Release|Any CPU = Release|Any CPU
	EndGlobalSection
	GlobalSection(ProjectConfigurationPlatforms) = postSolution
		{B53E8545-94CA-466B-98D4-D6B46422F2F2}.Debug|Any CPU.ActiveCfg = Debug|Any CPU
		{B53E8545-94CA-466B-98D4-D6B46422F2F2}.Debug|Any CPU.Build.0 = Debug|Any CPU
		{B53E8545-94CA-466B-98D4-D6B46422F2F2}.Release|Any CPU.ActiveCfg = Release|Any CPU
		{B53E8545-94CA-466B-98D4-D6B46422F2F2}.Release|Any CPU.Build.0 = Release|Any CPU
		{D13130D1-0C98-43F6-8221-23F607D618E2}.Debug|Any CPU.ActiveCfg = Debug|Any CPU
		{D13130D1-0C98-43F6-8221-23F607D618E2}.Debug|Any CPU.Build.0 = Debug|Any CPU
		{D13130D1-0C98-43F6-8221-23F607D618E2}.Release|Any CPU.ActiveCfg = Release|Any CPU
		{D13130D1-0C98-43F6-8221-23F607D618E2}.Release|Any CPU.Build.0 = Release|Any CPU
		{CCD86430-E6F8-4B8C-81CC-C2376EEF0C6D}.Debug|Any CPU.ActiveCfg = Debug|Any CPU
		{CCD86430-E6F8-4B8C-81CC-C2376EEF0C6D}.Debug|Any CPU.Build.0 = Debug|Any CPU
		{CCD86430-E6F8-4B8C-81CC-C2376EEF0C6D}.Release|Any CPU.ActiveCfg = Release|Any CPU
		{CCD86430-E6F8-4B8C-81CC-C2376EEF0C6D}.Release|Any CPU.Build.0 = Release|Any CPU
		{3549CD6F-80F8-450F-B99E-CF0A736B1F2A}.Debug|Any CPU.ActiveCfg = Debug|Any CPU
		{3549CD6F-80F8-450F-B99E-CF0A736B1F2A}.Debug|Any CPU.Build.0 = Debug|Any CPU
		{3549CD6F-80F8-450F-B99E-CF0A736B1F2A}.Release|Any CPU.ActiveCfg = Release|Any CPU
		{3549CD6F-80F8-450F-B99E-CF0A736B1F2A}.Release|Any CPU.Build.0 = Release|Any CPU
		{B05BAB66-7CAD-4AB3-849F-FFFEF9618E79}.Debug|Any CPU.ActiveCfg = Debug|Any CPU
		{B05BAB66-7CAD-4AB3-849F-FFFEF9618E79}.Debug|Any CPU.Build.0 = Debug|Any CPU
		{B05BAB66-7CAD-4AB3-849F-FFFEF9618E79}.Release|Any CPU.ActiveCfg = Release|Any CPU
		{B05BAB66-7CAD-4AB3-849F-FFFEF9618E79}.Release|Any CPU.Build.0 = Release|Any CPU
		{D293F8BD-475A-48C0-A473-76B4D8F24AF3}.Debug|Any CPU.ActiveCfg = Debug|Any CPU
		{D293F8BD-475A-48C0-A473-76B4D8F24AF3}.Debug|Any CPU.Build.0 = Debug|Any CPU
		{D293F8BD-475A-48C0-A473-76B4D8F24AF3}.Release|Any CPU.ActiveCfg = Release|Any CPU
		{D293F8BD-475A-48C0-A473-76B4D8F24AF3}.Release|Any CPU.Build.0 = Release|Any CPU
		{9C59F9EE-7185-4808-A17E-15D031A18F41}.Debug|Any CPU.ActiveCfg = Debug|Any CPU
		{9C59F9EE-7185-4808-A17E-15D031A18F41}.Debug|Any CPU.Build.0 = Debug|Any CPU
		{9C59F9EE-7185-4808-A17E-15D031A18F41}.Debug|Any CPU.Deploy.0 = Debug|Any CPU
		{9C59F9EE-7185-4808-A17E-15D031A18F41}.Release|Any CPU.ActiveCfg = Release|Any CPU
		{9C59F9EE-7185-4808-A17E-15D031A18F41}.Release|Any CPU.Build.0 = Release|Any CPU
		{9C59F9EE-7185-4808-A17E-15D031A18F41}.Release|Any CPU.Deploy.0 = Release|Any CPU
		{B360C410-0E31-464F-885D-902EC2A63EDF}.Debug|Any CPU.ActiveCfg = Debug|Any CPU
		{B360C410-0E31-464F-885D-902EC2A63EDF}.Debug|Any CPU.Build.0 = Debug|Any CPU
		{B360C410-0E31-464F-885D-902EC2A63EDF}.Release|Any CPU.ActiveCfg = Release|Any CPU
		{B360C410-0E31-464F-885D-902EC2A63EDF}.Release|Any CPU.Build.0 = Release|Any CPU
		{4ECBDB10-8923-46EB-B3A9-33016DDFB774}.Debug|Any CPU.ActiveCfg = Debug|Any CPU
		{4ECBDB10-8923-46EB-B3A9-33016DDFB774}.Debug|Any CPU.Build.0 = Debug|Any CPU
		{4ECBDB10-8923-46EB-B3A9-33016DDFB774}.Release|Any CPU.ActiveCfg = Release|Any CPU
		{4ECBDB10-8923-46EB-B3A9-33016DDFB774}.Release|Any CPU.Build.0 = Release|Any CPU
		{BC83DC80-4F71-4222-89E8-F8E7CF1F95B0}.Debug|Any CPU.ActiveCfg = Debug|Any CPU
		{BC83DC80-4F71-4222-89E8-F8E7CF1F95B0}.Debug|Any CPU.Build.0 = Debug|Any CPU
		{BC83DC80-4F71-4222-89E8-F8E7CF1F95B0}.Release|Any CPU.ActiveCfg = Release|Any CPU
		{BC83DC80-4F71-4222-89E8-F8E7CF1F95B0}.Release|Any CPU.Build.0 = Release|Any CPU
		{795497AA-AC4E-438D-A4DE-1BA416B03AC2}.Debug|Any CPU.ActiveCfg = Debug|Any CPU
		{795497AA-AC4E-438D-A4DE-1BA416B03AC2}.Debug|Any CPU.Build.0 = Debug|Any CPU
		{795497AA-AC4E-438D-A4DE-1BA416B03AC2}.Release|Any CPU.ActiveCfg = Release|Any CPU
		{795497AA-AC4E-438D-A4DE-1BA416B03AC2}.Release|Any CPU.Build.0 = Release|Any CPU
	EndGlobalSection
	GlobalSection(SolutionProperties) = preSolution
		HideSolutionNode = FALSE
	EndGlobalSection
	GlobalSection(ExtensibilityGlobals) = postSolution
		SolutionGuid = {83C1738E-2C11-4CDF-8A3A-944D3AC6C600}
	EndGlobalSection
EndGlobal
