
Microsoft Visual Studio Solution File, Format Version 11.00
# Visual Studio 2010
Project("{FAE04EC0-301F-11D3-BF4B-00C04F79EFBC}") = "TCPClient", "TCPClient\TCPClient.csproj", "{03C005A4-61AC-40DE-A95E-79335D9E39BA}"
EndProject
Global
	GlobalSection(SolutionConfigurationPlatforms) = preSolution
		Debug|Any CPU = Debug|Any CPU
		Release|Any CPU = Release|Any CPU
	EndGlobalSection
	GlobalSection(ProjectConfigurationPlatforms) = postSolution
		{03C005A4-61AC-40DE-A95E-79335D9E39BA}.Debug|Any CPU.ActiveCfg = Debug|Any CPU
		{03C005A4-61AC-40DE-A95E-79335D9E39BA}.Debug|Any CPU.Build.0 = Debug|Any CPU
		{03C005A4-61AC-40DE-A95E-79335D9E39BA}.Release|Any CPU.ActiveCfg = Release|Any CPU
		{03C005A4-61AC-40DE-A95E-79335D9E39BA}.Release|Any CPU.Build.0 = Release|Any CPU
	EndGlobalSection
	GlobalSection(SolutionProperties) = preSolution
		HideSolutionNode = FALSE
	EndGlobalSection
EndGlobal
